
Microsoft Visual Studio Solution File, Format Version 12.00
# Visual Studio Version 16
VisualStudioVersion = 16.0.31005.135
MinimumVisualStudioVersion = 15.0.26124.0
Project("{2150E333-8FDC-42A3-9474-1A3956D46DE8}") = "src", "src", "{89D0B1C7-82E5-437C-A780-9ABA2B1A3958}"
EndProject
Project("{9A19103F-16F7-4668-BE54-9A1E7A4F7556}") = "SampleAPI", "src\sampleAPI\SampleAPI.csproj", "{71AFAE69-2429-482C-B301-EF7CF4DECDB8}"
EndProject
Project("{2150E333-8FDC-42A3-9474-1A3956D46DE8}") = "test", "test", "{C9E4BAB6-D2D6-43CA-8E9B-45B179B3673C}"
EndProject
Project("{9A19103F-16F7-4668-BE54-9A1E7A4F7556}") = "SampleAPI.test", "test\sampleAPI.test\SampleAPI.test.csproj", "{77747608-4635-42A3-86DF-9B7E8D68077E}"
EndProject
Project("{2150E333-8FDC-42A3-9474-1A3956D46DE8}") = "Solution Items", "Solution Items", "{8C51A948-84B1-4328-A811-595EF04315A4}"
	ProjectSection(SolutionItems) = preProject
		.getignore = .getignore
		azure-pipelines.yml = azure-pipelines.yml
	EndProjectSection
EndProject
Global
	GlobalSection(SolutionConfigurationPlatforms) = preSolution
		Debug|Any CPU = Debug|Any CPU
		Debug|x64 = Debug|x64
		Debug|x86 = Debug|x86
		Release|Any CPU = Release|Any CPU
		Release|x64 = Release|x64
		Release|x86 = Release|x86
	EndGlobalSection
	GlobalSection(ProjectConfigurationPlatforms) = postSolution
		{71AFAE69-2429-482C-B301-EF7CF4DECDB8}.Debug|Any CPU.ActiveCfg = Debug|Any CPU
		{71AFAE69-2429-482C-B301-EF7CF4DECDB8}.Debug|Any CPU.Build.0 = Debug|Any CPU
		{71AFAE69-2429-482C-B301-EF7CF4DECDB8}.Debug|x64.ActiveCfg = Debug|Any CPU
		{71AFAE69-2429-482C-B301-EF7CF4DECDB8}.Debug|x64.Build.0 = Debug|Any CPU
		{71AFAE69-2429-482C-B301-EF7CF4DECDB8}.Debug|x86.ActiveCfg = Debug|Any CPU
		{71AFAE69-2429-482C-B301-EF7CF4DECDB8}.Debug|x86.Build.0 = Debug|Any CPU
		{71AFAE69-2429-482C-B301-EF7CF4DECDB8}.Release|Any CPU.ActiveCfg = Release|Any CPU
		{71AFAE69-2429-482C-B301-EF7CF4DECDB8}.Release|Any CPU.Build.0 = Release|Any CPU
		{71AFAE69-2429-482C-B301-EF7CF4DECDB8}.Release|x64.ActiveCfg = Release|Any CPU
		{71AFAE69-2429-482C-B301-EF7CF4DECDB8}.Release|x64.Build.0 = Release|Any CPU
		{71AFAE69-2429-482C-B301-EF7CF4DECDB8}.Release|x86.ActiveCfg = Release|Any CPU
		{71AFAE69-2429-482C-B301-EF7CF4DECDB8}.Release|x86.Build.0 = Release|Any CPU
		{77747608-4635-42A3-86DF-9B7E8D68077E}.Debug|Any CPU.ActiveCfg = Debug|Any CPU
		{77747608-4635-42A3-86DF-9B7E8D68077E}.Debug|Any CPU.Build.0 = Debug|Any CPU
		{77747608-4635-42A3-86DF-9B7E8D68077E}.Debug|x64.ActiveCfg = Debug|Any CPU
		{77747608-4635-42A3-86DF-9B7E8D68077E}.Debug|x64.Build.0 = Debug|Any CPU
		{77747608-4635-42A3-86DF-9B7E8D68077E}.Debug|x86.ActiveCfg = Debug|Any CPU
		{77747608-4635-42A3-86DF-9B7E8D68077E}.Debug|x86.Build.0 = Debug|Any CPU
		{77747608-4635-42A3-86DF-9B7E8D68077E}.Release|Any CPU.ActiveCfg = Release|Any CPU
		{77747608-4635-42A3-86DF-9B7E8D68077E}.Release|Any CPU.Build.0 = Release|Any CPU
		{77747608-4635-42A3-86DF-9B7E8D68077E}.Release|x64.ActiveCfg = Release|Any CPU
		{77747608-4635-42A3-86DF-9B7E8D68077E}.Release|x64.Build.0 = Release|Any CPU
		{77747608-4635-42A3-86DF-9B7E8D68077E}.Release|x86.ActiveCfg = Release|Any CPU
		{77747608-4635-42A3-86DF-9B7E8D68077E}.Release|x86.Build.0 = Release|Any CPU
	EndGlobalSection
	GlobalSection(SolutionProperties) = preSolution
		HideSolutionNode = FALSE
	EndGlobalSection
	GlobalSection(NestedProjects) = preSolution
		{71AFAE69-2429-482C-B301-EF7CF4DECDB8} = {89D0B1C7-82E5-437C-A780-9ABA2B1A3958}
		{77747608-4635-42A3-86DF-9B7E8D68077E} = {C9E4BAB6-D2D6-43CA-8E9B-45B179B3673C}
	EndGlobalSection
	GlobalSection(ExtensibilityGlobals) = postSolution
		SolutionGuid = {497C2F1B-E20D-4D81-A36E-8D499A040699}
	EndGlobalSection
EndGlobal
